
Microsoft Visual Studio Solution File, Format Version 12.00
# Visual Studio Version 17
VisualStudioVersion = 17.0.31912.275
MinimumVisualStudioVersion = 10.0.40219.1
Project("{FAE04EC0-301F-11D3-BF4B-00C04F79EFBC}") = "LoginINC", "LoginINC\LoginINC.csproj", "{74ED6EB9-1D99-4430-991A-B8719537CE78}"
EndProject
Global
	GlobalSection(SolutionConfigurationPlatforms) = preSolution
		Debug|Any CPU = Debug|Any CPU
		Release|Any CPU = Release|Any CPU
	EndGlobalSection
	GlobalSection(ProjectConfigurationPlatforms) = postSolution
		{74ED6EB9-1D99-4430-991A-B8719537CE78}.Debug|Any CPU.ActiveCfg = Debug|Any CPU
		{74ED6EB9-1D99-4430-991A-B8719537CE78}.Debug|Any CPU.Build.0 = Debug|Any CPU
		{74ED6EB9-1D99-4430-991A-B8719537CE78}.Release|Any CPU.ActiveCfg = Release|Any CPU
		{74ED6EB9-1D99-4430-991A-B8719537CE78}.Release|Any CPU.Build.0 = Release|Any CPU
	EndGlobalSection
	GlobalSection(SolutionProperties) = preSolution
		HideSolutionNode = FALSE
	EndGlobalSection
	GlobalSection(ExtensibilityGlobals) = postSolution
		SolutionGuid = {184CA887-04A1-4948-8D82-5D28B57B9CE3}
	EndGlobalSection
EndGlobal
